{
  "nodes": {
    "deskport-core": {
      "flake": false,
      "locked": {
        "lastModified": 1790610372,
        "narHash": "sha256-EfA2iAC0fnXzWe/1imlKnew5smLFWdhDogd73d/cESY=",
        "owner": "keithxc",
        "repo": "deskport-core",
        "rev": "2ebf5c9a517e8cfdfa02e60bffaaf98ab1409ee7",
        "type": "github"
      },
      "original": {
        "owner": "keithxc",
        "repo": "deskport-core",
        "rev": "2ebf5c9a517e8cfdfa02e60bffaaf98ab1409ee7",
        "type": "github"
      }
    },
    "nixpkgs": {
      "locked": {
        "lastModified": 1788807765,
        "narHash": "sha256-J9oC0bKnkXUrMegqRTXVkyDFJ0gn2U/Qpoo9HgGMQmA=",
        "owner": "NixOS",
        "repo": "nixpkgs",
        "rev": "93108a538f079596c9a16c72cf03e9322782b6dd",
        "type": "github"
      },
      "original": {
        "owner": "NixOS",
        "repo": "nixpkgs",
        "rev": "93108a538f079596c9a16c72cf03e9322782b6dd",
        "type": "github"
      }
    },
    "root": {
      "inputs": {
        "deskport-core": "deskport-core",
        "nixpkgs": "nixpkgs"
      }
    }
  },
  "root": "root",
  "version": 7
}
