{
  "nodes": {
    "deskport-core": {
      "flake": false,
      "locked": {
        "lastModified": 1789624958,
        "narHash": "sha256-FT3UFHplCZ5CXcKv36X6M6ojTIDc9ZevIDb91pl1P1w=",
        "owner": "keithxc",
        "repo": "deskport-core",
        "rev": "0d3f86a942263479ba9df50d11b0b7a93705e1f0",
        "type": "github"
      },
      "original": {
        "owner": "keithxc",
        "repo": "deskport-core",
        "type": "github"
      }
    },
    "nixpkgs": {
      "locked": {
        "lastModified": 1788807765,
        "narHash": "sha256-J9oC0bKnkXUrMegqRTXVkyDFJ0gn2U/Qpoo9HgGMQmA=",
        "owner": "NixOS",
        "repo": "nixpkgs",
        "rev": "93108a538f079596c9a16c72cf03e9322782b6dd",
        "type": "github"
      },
      "original": {
        "owner": "NixOS",
        "repo": "nixpkgs",
        "rev": "93108a538f079596c9a16c72cf03e9322782b6dd",
        "type": "github"
      }
    },
    "root": {
      "inputs": {
        "deskport-core": "deskport-core",
        "nixpkgs": "nixpkgs"
      }
    }
  },
  "root": "root",
  "version": 7
}
