{
  "nodes": {
    "deskport-core": {
      "flake": false,
      "locked": {
        "lastModified": 1791043952,
        "narHash": "sha256-lES1t2adx775T/Lml7Mj3TnJgbayFrZpeJhQ4gu4KtA=",
        "owner": "keithxc",
        "repo": "deskport-core",
        "rev": "e7b4a477cabf00d17e7805e73e852199c3bc7061",
        "type": "github"
      },
      "original": {
        "owner": "keithxc",
        "repo": "deskport-core",
        "rev": "e7b4a477cabf00d17e7805e73e852199c3bc7061",
        "type": "github"
      }
    },
    "nixpkgs": {
      "locked": {
        "lastModified": 1788807765,
        "narHash": "sha256-J9oC0bKnkXUrMegqRTXVkyDFJ0gn2U/Qpoo9HgGMQmA=",
        "owner": "NixOS",
        "repo": "nixpkgs",
        "rev": "93108a538f079596c9a16c72cf03e9322782b6dd",
        "type": "github"
      },
      "original": {
        "owner": "NixOS",
        "repo": "nixpkgs",
        "rev": "93108a538f079596c9a16c72cf03e9322782b6dd",
        "type": "github"
      }
    },
    "root": {
      "inputs": {
        "deskport-core": "deskport-core",
        "nixpkgs": "nixpkgs"
      }
    }
  },
  "root": "root",
  "version": 7
}
